
Microsoft Visual Studio Solution File, Format Version 12.00
# Visual Studio Version 16
VisualStudioVersion = 16.0.30204.135
MinimumVisualStudioVersion = 10.0.40219.1
Project("{FAE04EC0-301F-11D3-BF4B-00C04F79EFBC}") = "Walterlv.Issues.XamlF7", "Walterlv.Issues.XamlF7\Walterlv.Issues.XamlF7.csproj", "{4C22D996-6777-4A27-89B3-3771B2E65C17}"
EndProject
Global
	GlobalSection(SolutionConfigurationPlatforms) = preSolution
		Debug|Any CPU = Debug|Any CPU
		Release|Any CPU = Release|Any CPU
	EndGlobalSection
	GlobalSection(ProjectConfigurationPlatforms) = postSolution
		{4C22D996-6777-4A27-89B3-3771B2E65C17}.Debug|Any CPU.ActiveCfg = Debug|Any CPU
		{4C22D996-6777-4A27-89B3-3771B2E65C17}.Debug|Any CPU.Build.0 = Debug|Any CPU
		{4C22D996-6777-4A27-89B3-3771B2E65C17}.Release|Any CPU.ActiveCfg = Release|Any CPU
		{4C22D996-6777-4A27-89B3-3771B2E65C17}.Release|Any CPU.Build.0 = Release|Any CPU
	EndGlobalSection
	GlobalSection(SolutionProperties) = preSolution
		HideSolutionNode = FALSE
	EndGlobalSection
	GlobalSection(ExtensibilityGlobals) = postSolution
		SolutionGuid = {102BE7EB-BFB5-499D-AA43-1F50EC8FBA14}
	EndGlobalSection
EndGlobal
